
Microsoft Visual Studio Solution File, Format Version 12.00
# Visual Studio Version 17
VisualStudioVersion = 17.3.32804.467
MinimumVisualStudioVersion = 10.0.40219.1
Project("{FAE04EC0-301F-11D3-BF4B-00C04F79EFBC}") = "waibibaboWinForms", "waibibaboWinForms.csproj", "{1C924782-DF1E-4538-A1CB-64CCA8BF09EE}"
EndProject
Global
	GlobalSection(SolutionConfigurationPlatforms) = preSolution
		Debug|Any CPU = Debug|Any CPU
		Release|Any CPU = Release|Any CPU
	EndGlobalSection
	GlobalSection(ProjectConfigurationPlatforms) = postSolution
		{1C924782-DF1E-4538-A1CB-64CCA8BF09EE}.Debug|Any CPU.ActiveCfg = Debug|Any CPU
		{1C924782-DF1E-4538-A1CB-64CCA8BF09EE}.Debug|Any CPU.Build.0 = Debug|Any CPU
		{1C924782-DF1E-4538-A1CB-64CCA8BF09EE}.Release|Any CPU.ActiveCfg = Release|Any CPU
		{1C924782-DF1E-4538-A1CB-64CCA8BF09EE}.Release|Any CPU.Build.0 = Release|Any CPU
	EndGlobalSection
	GlobalSection(SolutionProperties) = preSolution
		HideSolutionNode = FALSE
	EndGlobalSection
	GlobalSection(ExtensibilityGlobals) = postSolution
		SolutionGuid = {AF7F9DD8-9FE4-42CE-82B8-3B15FBA8903E}
	EndGlobalSection
EndGlobal
